
Microsoft Visual Studio Solution File, Format Version 12.00
# Visual Studio 15
VisualStudioVersion = 15.0.27130.2003
MinimumVisualStudioVersion = 10.0.40219.1
Project("{FAE04EC0-301F-11D3-BF4B-00C04F79EFBC}") = "TouchTest", "TouchTest\TouchTest.csproj", "{AAEC6886-1172-4673-BF96-ABEDA4F33476}"
EndProject
Global
	GlobalSection(SolutionConfigurationPlatforms) = preSolution
		Debug|Any CPU = Debug|Any CPU
		Release|Any CPU = Release|Any CPU
	EndGlobalSection
	GlobalSection(ProjectConfigurationPlatforms) = postSolution
		{AAEC6886-1172-4673-BF96-ABEDA4F33476}.Debug|Any CPU.ActiveCfg = Debug|Any CPU
		{AAEC6886-1172-4673-BF96-ABEDA4F33476}.Debug|Any CPU.Build.0 = Debug|Any CPU
		{AAEC6886-1172-4673-BF96-ABEDA4F33476}.Release|Any CPU.ActiveCfg = Release|Any CPU
		{AAEC6886-1172-4673-BF96-ABEDA4F33476}.Release|Any CPU.Build.0 = Release|Any CPU
	EndGlobalSection
	GlobalSection(SolutionProperties) = preSolution
		HideSolutionNode = FALSE
	EndGlobalSection
	GlobalSection(ExtensibilityGlobals) = postSolution
		SolutionGuid = {136EF85A-5818-444F-9F51-5C539CE01715}
	EndGlobalSection
EndGlobal
